
Microsoft Visual Studio Solution File, Format Version 12.00
# Visual Studio Version 16
VisualStudioVersion = 16.0.30309.148
MinimumVisualStudioVersion = 10.0.40219.1
Project("{FAE04EC0-301F-11D3-BF4B-00C04F79EFBC}") = "3d", "3d\3d.csproj", "{35F464C7-3231-4B90-B4C6-B44A27E733D9}"
EndProject
Global
	GlobalSection(SolutionConfigurationPlatforms) = preSolution
		Debug|Any CPU = Debug|Any CPU
		Release|Any CPU = Release|Any CPU
	EndGlobalSection
	GlobalSection(ProjectConfigurationPlatforms) = postSolution
		{35F464C7-3231-4B90-B4C6-B44A27E733D9}.Debug|Any CPU.ActiveCfg = Debug|Any CPU
		{35F464C7-3231-4B90-B4C6-B44A27E733D9}.Debug|Any CPU.Build.0 = Debug|Any CPU
		{35F464C7-3231-4B90-B4C6-B44A27E733D9}.Release|Any CPU.ActiveCfg = Release|Any CPU
		{35F464C7-3231-4B90-B4C6-B44A27E733D9}.Release|Any CPU.Build.0 = Release|Any CPU
	EndGlobalSection
	GlobalSection(SolutionProperties) = preSolution
		HideSolutionNode = FALSE
	EndGlobalSection
	GlobalSection(ExtensibilityGlobals) = postSolution
		SolutionGuid = {9685FB27-3EBB-4BDD-844A-428B7FCD0696}
	EndGlobalSection
EndGlobal
