
Microsoft Visual Studio Solution File, Format Version 12.00
# Visual Studio Version 16
VisualStudioVersion = 16.0.30309.148
MinimumVisualStudioVersion = 10.0.40219.1
Project("{FAE04EC0-301F-11D3-BF4B-00C04F79EFBC}") = "platformer", "platformer\platformer.csproj", "{950AE142-B7E0-4CB9-9EA2-6068A4FB4D33}"
EndProject
Global
	GlobalSection(SolutionConfigurationPlatforms) = preSolution
		Debug|Any CPU = Debug|Any CPU
		Release|Any CPU = Release|Any CPU
	EndGlobalSection
	GlobalSection(ProjectConfigurationPlatforms) = postSolution
		{950AE142-B7E0-4CB9-9EA2-6068A4FB4D33}.Debug|Any CPU.ActiveCfg = Debug|Any CPU
		{950AE142-B7E0-4CB9-9EA2-6068A4FB4D33}.Debug|Any CPU.Build.0 = Debug|Any CPU
		{950AE142-B7E0-4CB9-9EA2-6068A4FB4D33}.Release|Any CPU.ActiveCfg = Release|Any CPU
		{950AE142-B7E0-4CB9-9EA2-6068A4FB4D33}.Release|Any CPU.Build.0 = Release|Any CPU
	EndGlobalSection
	GlobalSection(SolutionProperties) = preSolution
		HideSolutionNode = FALSE
	EndGlobalSection
	GlobalSection(ExtensibilityGlobals) = postSolution
		SolutionGuid = {E4955BBB-7A22-43A3-ABEB-DF6DFC878055}
	EndGlobalSection
EndGlobal
