
Microsoft Visual Studio Solution File, Format Version 12.00
# Visual Studio Version 16
VisualStudioVersion = 16.0.31729.503
MinimumVisualStudioVersion = 10.0.40219.1
Project("{FAE04EC0-301F-11D3-BF4B-00C04F79EFBC}") = "FireworkSimulation", "FireworkSimulation\FireworkSimulation.csproj", "{E06F474F-1CDE-4F59-ADC8-23326A01FD99}"
EndProject
Global
	GlobalSection(SolutionConfigurationPlatforms) = preSolution
		Debug|Any CPU = Debug|Any CPU
		Release|Any CPU = Release|Any CPU
	EndGlobalSection
	GlobalSection(ProjectConfigurationPlatforms) = postSolution
		{E06F474F-1CDE-4F59-ADC8-23326A01FD99}.Debug|Any CPU.ActiveCfg = Debug|Any CPU
		{E06F474F-1CDE-4F59-ADC8-23326A01FD99}.Debug|Any CPU.Build.0 = Debug|Any CPU
		{E06F474F-1CDE-4F59-ADC8-23326A01FD99}.Release|Any CPU.ActiveCfg = Release|Any CPU
		{E06F474F-1CDE-4F59-ADC8-23326A01FD99}.Release|Any CPU.Build.0 = Release|Any CPU
	EndGlobalSection
	GlobalSection(SolutionProperties) = preSolution
		HideSolutionNode = FALSE
	EndGlobalSection
	GlobalSection(ExtensibilityGlobals) = postSolution
		SolutionGuid = {83B98B18-0CE9-4BC6-8389-D91AF6C43FC4}
	EndGlobalSection
EndGlobal
