
Microsoft Visual Studio Solution File, Format Version 12.00
# Visual Studio Version 16
VisualStudioVersion = 16.0.31729.503
MinimumVisualStudioVersion = 10.0.40219.1
Project("{FAE04EC0-301F-11D3-BF4B-00C04F79EFBC}") = "TryingFastBitmap", "TryingFastBitmap\TryingFastBitmap.csproj", "{268AFD62-05D3-4AEA-B382-008F351ED0C2}"
EndProject
Global
	GlobalSection(SolutionConfigurationPlatforms) = preSolution
		Debug|Any CPU = Debug|Any CPU
		Release|Any CPU = Release|Any CPU
	EndGlobalSection
	GlobalSection(ProjectConfigurationPlatforms) = postSolution
		{268AFD62-05D3-4AEA-B382-008F351ED0C2}.Debug|Any CPU.ActiveCfg = Debug|Any CPU
		{268AFD62-05D3-4AEA-B382-008F351ED0C2}.Debug|Any CPU.Build.0 = Debug|Any CPU
		{268AFD62-05D3-4AEA-B382-008F351ED0C2}.Release|Any CPU.ActiveCfg = Release|Any CPU
		{268AFD62-05D3-4AEA-B382-008F351ED0C2}.Release|Any CPU.Build.0 = Release|Any CPU
	EndGlobalSection
	GlobalSection(SolutionProperties) = preSolution
		HideSolutionNode = FALSE
	EndGlobalSection
	GlobalSection(ExtensibilityGlobals) = postSolution
		SolutionGuid = {405A79AB-D194-4177-A2B4-78002A8F1514}
	EndGlobalSection
EndGlobal
