
Microsoft Visual Studio Solution File, Format Version 12.00
# Visual Studio Version 16
VisualStudioVersion = 16.0.31729.503
MinimumVisualStudioVersion = 10.0.40219.1
Project("{FAE04EC0-301F-11D3-BF4B-00C04F79EFBC}") = "discordIntegration", "discordIntegration\discordIntegration.csproj", "{88D2FBCE-0738-46F3-BB15-E5223A424A20}"
EndProject
Global
	GlobalSection(SolutionConfigurationPlatforms) = preSolution
		Debug|Any CPU = Debug|Any CPU
		Release|Any CPU = Release|Any CPU
	EndGlobalSection
	GlobalSection(ProjectConfigurationPlatforms) = postSolution
		{88D2FBCE-0738-46F3-BB15-E5223A424A20}.Debug|Any CPU.ActiveCfg = Debug|Any CPU
		{88D2FBCE-0738-46F3-BB15-E5223A424A20}.Debug|Any CPU.Build.0 = Debug|Any CPU
		{88D2FBCE-0738-46F3-BB15-E5223A424A20}.Release|Any CPU.ActiveCfg = Release|Any CPU
		{88D2FBCE-0738-46F3-BB15-E5223A424A20}.Release|Any CPU.Build.0 = Release|Any CPU
	EndGlobalSection
	GlobalSection(SolutionProperties) = preSolution
		HideSolutionNode = FALSE
	EndGlobalSection
	GlobalSection(ExtensibilityGlobals) = postSolution
		SolutionGuid = {F7C98D0B-39B7-4DB5-B23E-70B1B481AF40}
	EndGlobalSection
EndGlobal
