
Microsoft Visual Studio Solution File, Format Version 12.00
# Visual Studio Version 16
VisualStudioVersion = 16.0.31729.503
MinimumVisualStudioVersion = 10.0.40219.1
Project("{FAE04EC0-301F-11D3-BF4B-00C04F79EFBC}") = "topDownShooter", "topDownShooter\topDownShooter.csproj", "{FA480D1D-5173-4909-933B-C03BF0FF372E}"
EndProject
Global
	GlobalSection(SolutionConfigurationPlatforms) = preSolution
		Debug|Any CPU = Debug|Any CPU
		Release|Any CPU = Release|Any CPU
	EndGlobalSection
	GlobalSection(ProjectConfigurationPlatforms) = postSolution
		{FA480D1D-5173-4909-933B-C03BF0FF372E}.Debug|Any CPU.ActiveCfg = Debug|Any CPU
		{FA480D1D-5173-4909-933B-C03BF0FF372E}.Debug|Any CPU.Build.0 = Debug|Any CPU
		{FA480D1D-5173-4909-933B-C03BF0FF372E}.Release|Any CPU.ActiveCfg = Release|Any CPU
		{FA480D1D-5173-4909-933B-C03BF0FF372E}.Release|Any CPU.Build.0 = Release|Any CPU
	EndGlobalSection
	GlobalSection(SolutionProperties) = preSolution
		HideSolutionNode = FALSE
	EndGlobalSection
	GlobalSection(ExtensibilityGlobals) = postSolution
		SolutionGuid = {D1C3253E-DB7C-4A34-813D-14113B68C3C3}
	EndGlobalSection
EndGlobal
