
Microsoft Visual Studio Solution File, Format Version 12.00
# Visual Studio Version 16
VisualStudioVersion = 16.0.30309.148
MinimumVisualStudioVersion = 10.0.40219.1
Project("{FAE04EC0-301F-11D3-BF4B-00C04F79EFBC}") = "directXMonoGame", "directXMonoGame\directXMonoGame.csproj", "{46522B35-CB59-4589-86E1-1F052D3F398A}"
EndProject
Global
	GlobalSection(SolutionConfigurationPlatforms) = preSolution
		Debug|Any CPU = Debug|Any CPU
		Release|Any CPU = Release|Any CPU
	EndGlobalSection
	GlobalSection(ProjectConfigurationPlatforms) = postSolution
		{46522B35-CB59-4589-86E1-1F052D3F398A}.Debug|Any CPU.ActiveCfg = Debug|Any CPU
		{46522B35-CB59-4589-86E1-1F052D3F398A}.Debug|Any CPU.Build.0 = Debug|Any CPU
		{46522B35-CB59-4589-86E1-1F052D3F398A}.Release|Any CPU.ActiveCfg = Release|Any CPU
		{46522B35-CB59-4589-86E1-1F052D3F398A}.Release|Any CPU.Build.0 = Release|Any CPU
	EndGlobalSection
	GlobalSection(SolutionProperties) = preSolution
		HideSolutionNode = FALSE
	EndGlobalSection
	GlobalSection(ExtensibilityGlobals) = postSolution
		SolutionGuid = {1DFCEB14-795D-4488-95E6-3447B581A7E8}
	EndGlobalSection
EndGlobal
