
Microsoft Visual Studio Solution File, Format Version 12.00
# Visual Studio Version 17
VisualStudioVersion = 17.2.32630.192
MinimumVisualStudioVersion = 10.0.40219.1
Project("{FAE04EC0-301F-11D3-BF4B-00C04F79EFBC}") = "Top-down Zombie Shooter", "Top-down Zombie Shooter.csproj", "{B54367C1-0603-4778-8650-FDAFD035DD96}"
EndProject
Global
	GlobalSection(SolutionConfigurationPlatforms) = preSolution
		Debug|Any CPU = Debug|Any CPU
		Release|Any CPU = Release|Any CPU
	EndGlobalSection
	GlobalSection(ProjectConfigurationPlatforms) = postSolution
		{B54367C1-0603-4778-8650-FDAFD035DD96}.Debug|Any CPU.ActiveCfg = Debug|Any CPU
		{B54367C1-0603-4778-8650-FDAFD035DD96}.Debug|Any CPU.Build.0 = Debug|Any CPU
		{B54367C1-0603-4778-8650-FDAFD035DD96}.Release|Any CPU.ActiveCfg = Release|Any CPU
		{B54367C1-0603-4778-8650-FDAFD035DD96}.Release|Any CPU.Build.0 = Release|Any CPU
	EndGlobalSection
	GlobalSection(SolutionProperties) = preSolution
		HideSolutionNode = FALSE
	EndGlobalSection
	GlobalSection(ExtensibilityGlobals) = postSolution
		SolutionGuid = {E60CC939-B784-43F7-8D4C-DFAF7ED4E528}
	EndGlobalSection
EndGlobal
